
Microsoft Visual Studio Solution File, Format Version 12.00
# Visual Studio Version 16
VisualStudioVersion = 16.0.32802.440
MinimumVisualStudioVersion = 10.0.40219.1
Project("{FAE04EC0-301F-11D3-BF4B-00C04F79EFBC}") = "LabOne", "LabOne\LabOne.csproj", "{1BCD54AD-D692-4CF3-9B32-9AE0C6F2CAC6}"
EndProject
Global
	GlobalSection(SolutionConfigurationPlatforms) = preSolution
		Debug|Any CPU = Debug|Any CPU
		Release|Any CPU = Release|Any CPU
	EndGlobalSection
	GlobalSection(ProjectConfigurationPlatforms) = postSolution
		{1BCD54AD-D692-4CF3-9B32-9AE0C6F2CAC6}.Debug|Any CPU.ActiveCfg = Debug|Any CPU
		{1BCD54AD-D692-4CF3-9B32-9AE0C6F2CAC6}.Debug|Any CPU.Build.0 = Debug|Any CPU
		{1BCD54AD-D692-4CF3-9B32-9AE0C6F2CAC6}.Release|Any CPU.ActiveCfg = Release|Any CPU
		{1BCD54AD-D692-4CF3-9B32-9AE0C6F2CAC6}.Release|Any CPU.Build.0 = Release|Any CPU
	EndGlobalSection
	GlobalSection(SolutionProperties) = preSolution
		HideSolutionNode = FALSE
	EndGlobalSection
	GlobalSection(ExtensibilityGlobals) = postSolution
		SolutionGuid = {50BE5DBA-E035-48E5-B4F1-125E6C28460A}
	EndGlobalSection
EndGlobal
